{
  "name": "Quark",
  "lockfileVersion": 2,
  "requires": true,
  "packages": {
    "": {
      "devDependencies": {
        "@types/wicg-file-system-access": "^2023.10.4"
      }
    },
    "node_modules/@types/wicg-file-system-access": {
      "version": "2023.10.4",
      "resolved": "https://registry.npmjs.org/@types/wicg-file-system-access/-/wicg-file-system-access-2023.10.4.tgz",
      "integrity": "sha512-ewOj7hWhsUTS2+aY6zY+7BwlgqGBj5ZXxKuHt3TAWpIJH0bDW/6bO1N1SdUDAzV8r0Nc+/ZtpAEETYTwrehBMw==",
      "dev": true
    }
  },
  "dependencies": {
    "@types/wicg-file-system-access": {
      "version": "2023.10.4",
      "resolved": "https://registry.npmjs.org/@types/wicg-file-system-access/-/wicg-file-system-access-2023.10.4.tgz",
      "integrity": "sha512-ewOj7hWhsUTS2+aY6zY+7BwlgqGBj5ZXxKuHt3TAWpIJH0bDW/6bO1N1SdUDAzV8r0Nc+/ZtpAEETYTwrehBMw==",
      "dev": true
    }
  }
}
